
Microsoft Visual Studio Solution File, Format Version 12.00
# Visual Studio Version 17
VisualStudioVersion = 17.6.33801.468
MinimumVisualStudioVersion = 10.0.40219.1
Project("{9A19103F-16F7-4668-BE54-9A1E7A4F7556}") = "Blog-2", "Blog-2.csproj", "{AFF9956F-735C-4FA5-8EFE-83522C977343}"
EndProject
Global
	GlobalSection(SolutionConfigurationPlatforms) = preSolution
		Debug|Any CPU = Debug|Any CPU
		Release|Any CPU = Release|Any CPU
	EndGlobalSection
	GlobalSection(ProjectConfigurationPlatforms) = postSolution
		{AFF9956F-735C-4FA5-8EFE-83522C977343}.Debug|Any CPU.ActiveCfg = Debug|Any CPU
		{AFF9956F-735C-4FA5-8EFE-83522C977343}.Debug|Any CPU.Build.0 = Debug|Any CPU
		{AFF9956F-735C-4FA5-8EFE-83522C977343}.Release|Any CPU.ActiveCfg = Release|Any CPU
		{AFF9956F-735C-4FA5-8EFE-83522C977343}.Release|Any CPU.Build.0 = Release|Any CPU
	EndGlobalSection
	GlobalSection(SolutionProperties) = preSolution
		HideSolutionNode = FALSE
	EndGlobalSection
	GlobalSection(ExtensibilityGlobals) = postSolution
		SolutionGuid = {7010D052-DF6E-4165-95CC-4C133313B0A7}
	EndGlobalSection
EndGlobal
